
Microsoft Visual Studio Solution File, Format Version 12.00
# Visual Studio 15
VisualStudioVersion = 15.0.27130.2010
MinimumVisualStudioVersion = 10.0.40219.1
Project("{FAE04EC0-301F-11D3-BF4B-00C04F79EFBC}") = "PictureLoadingApp", "PictureLoadingApp\PictureLoadingApp.csproj", "{90433A7F-DB2A-4ADB-9115-1C1736748621}"
EndProject
Global
	GlobalSection(SolutionConfigurationPlatforms) = preSolution
		Debug|ARM = Debug|ARM
		Debug|x64 = Debug|x64
		Debug|x86 = Debug|x86
		Release|ARM = Release|ARM
		Release|x64 = Release|x64
		Release|x86 = Release|x86
	EndGlobalSection
	GlobalSection(ProjectConfigurationPlatforms) = postSolution
		{90433A7F-DB2A-4ADB-9115-1C1736748621}.Debug|ARM.ActiveCfg = Debug|ARM
		{90433A7F-DB2A-4ADB-9115-1C1736748621}.Debug|ARM.Build.0 = Debug|ARM
		{90433A7F-DB2A-4ADB-9115-1C1736748621}.Debug|ARM.Deploy.0 = Debug|ARM
		{90433A7F-DB2A-4ADB-9115-1C1736748621}.Debug|x64.ActiveCfg = Debug|x64
		{90433A7F-DB2A-4ADB-9115-1C1736748621}.Debug|x64.Build.0 = Debug|x64
		{90433A7F-DB2A-4ADB-9115-1C1736748621}.Debug|x64.Deploy.0 = Debug|x64
		{90433A7F-DB2A-4ADB-9115-1C1736748621}.Debug|x86.ActiveCfg = Debug|x86
		{90433A7F-DB2A-4ADB-9115-1C1736748621}.Debug|x86.Build.0 = Debug|x86
		{90433A7F-DB2A-4ADB-9115-1C1736748621}.Debug|x86.Deploy.0 = Debug|x86
		{90433A7F-DB2A-4ADB-9115-1C1736748621}.Release|ARM.ActiveCfg = Release|ARM
		{90433A7F-DB2A-4ADB-9115-1C1736748621}.Release|ARM.Build.0 = Release|ARM
		{90433A7F-DB2A-4ADB-9115-1C1736748621}.Release|ARM.Deploy.0 = Release|ARM
		{90433A7F-DB2A-4ADB-9115-1C1736748621}.Release|x64.ActiveCfg = Release|x64
		{90433A7F-DB2A-4ADB-9115-1C1736748621}.Release|x64.Build.0 = Release|x64
		{90433A7F-DB2A-4ADB-9115-1C1736748621}.Release|x64.Deploy.0 = Release|x64
		{90433A7F-DB2A-4ADB-9115-1C1736748621}.Release|x86.ActiveCfg = Release|x86
		{90433A7F-DB2A-4ADB-9115-1C1736748621}.Release|x86.Build.0 = Release|x86
		{90433A7F-DB2A-4ADB-9115-1C1736748621}.Release|x86.Deploy.0 = Release|x86
	EndGlobalSection
	GlobalSection(SolutionProperties) = preSolution
		HideSolutionNode = FALSE
	EndGlobalSection
	GlobalSection(ExtensibilityGlobals) = postSolution
		SolutionGuid = {68FC9CC0-E42B-422E-BC1D-801852C1FEE7}
	EndGlobalSection
EndGlobal
